// !$*UTF8*$!
{
	archiveVersion = 1;
	classes = {
	};
	objectVersion = 56;
	objects = {

/* Begin PBXBuildFile section */
		650673F9294086F90027676E /* SmallWidgetView.swift in Sources */ = {isa = PBXBuildFile; fileRef = 650673F7294086510027676E /* SmallWidgetView.swift */; };
		65628CC32941D96700228456 /* MediumWidgetView.swift in Sources */ = {isa = PBXBuildFile; fileRef = 65628CC12941D90B00228456 /* MediumWidgetView.swift */; };
		65D8FEEB293DE668002DE36E /* AppDelegate.swift in Sources */ = {isa = PBXBuildFile; fileRef = 65D8FEEA293DE668002DE36E /* AppDelegate.swift */; };
		65D8FEED293DE668002DE36E /* SceneDelegate.swift in Sources */ = {isa = PBXBuildFile; fileRef = 65D8FEEC293DE668002DE36E /* SceneDelegate.swift */; };
		65D8FEEF293DE668002DE36E /* ViewController.swift in Sources */ = {isa = PBXBuildFile; fileRef = 65D8FEEE293DE668002DE36E /* ViewController.swift */; };
		65D8FEF2293DE668002DE36E /* Main.storyboard in Resources */ = {isa = PBXBuildFile; fileRef = 65D8FEF0293DE668002DE36E /* Main.storyboard */; };
		65D8FEF4293DE66A002DE36E /* Assets.xcassets in Resources */ = {isa = PBXBuildFile; fileRef = 65D8FEF3293DE66A002DE36E /* Assets.xcassets */; };
		65D8FEF7293DE66A002DE36E /* LaunchScreen.storyboard in Resources */ = {isa = PBXBuildFile; fileRef = 65D8FEF5293DE66A002DE36E /* LaunchScreen.storyboard */; };
		65D8FF05293DE693002DE36E /* WidgetKit.framework in Frameworks */ = {isa = PBXBuildFile; fileRef = 65D8FF04293DE693002DE36E /* WidgetKit.framework */; };
		65D8FF07293DE693002DE36E /* SwiftUI.framework in Frameworks */ = {isa = PBXBuildFile; fileRef = 65D8FF06293DE693002DE36E /* SwiftUI.framework */; };
		65D8FF0A293DE693002DE36E /* LetvPosterBundle.swift in Sources */ = {isa = PBXBuildFile; fileRef = 65D8FF09293DE693002DE36E /* LetvPosterBundle.swift */; };
		65D8FF0C293DE693002DE36E /* LetvPoster.swift in Sources */ = {isa = PBXBuildFile; fileRef = 65D8FF0B293DE693002DE36E /* LetvPoster.swift */; };
		65D8FF0E293DE695002DE36E /* Assets.xcassets in Resources */ = {isa = PBXBuildFile; fileRef = 65D8FF0D293DE695002DE36E /* Assets.xcassets */; };
		65D8FF12293DE695002DE36E /* LetvPosterExtension.appex in Embed Foundation Extensions */ = {isa = PBXBuildFile; fileRef = 65D8FF02293DE693002DE36E /* LetvPosterExtension.appex */; settings = {ATTRIBUTES = (RemoveHeadersOnCopy, ); }; };
		65D8FF1B293DF46C002DE36E /* LetvPosterData.swift in Sources */ = {isa = PBXBuildFile; fileRef = 65D8FF17293DF2DF002DE36E /* LetvPosterData.swift */; };
		65D8FF1C293DF46E002DE36E /* PosterModel.swift in Sources */ = {isa = PBXBuildFile; fileRef = 65D8FF19293DF35B002DE36E /* PosterModel.swift */; };
/* End PBXBuildFile section */

/* Begin PBXContainerItemProxy section */
		65D8FF10293DE695002DE36E /* PBXContainerItemProxy */ = {
			isa = PBXContainerItemProxy;
			containerPortal = 65D8FEDF293DE668002DE36E /* Project object */;
			proxyType = 1;
			remoteGlobalIDString = 65D8FF01293DE693002DE36E;
			remoteInfo = LetvPosterExtension;
		};
/* End PBXContainerItemProxy section */

/* Begin PBXCopyFilesBuildPhase section */
		65D8FF16293DE695002DE36E /* Embed Foundation Extensions */ = {
			isa = PBXCopyFilesBuildPhase;
			buildActionMask = 2147483647;
			dstPath = "";
			dstSubfolderSpec = 13;
			files = (
				65D8FF12293DE695002DE36E /* LetvPosterExtension.appex in Embed Foundation Extensions */,
			);
			name = "Embed Foundation Extensions";
			runOnlyForDeploymentPostprocessing = 0;
		};
/* End PBXCopyFilesBuildPhase section */

/* Begin PBXFileReference section */
		650673F7294086510027676E /* SmallWidgetView.swift */ = {isa = PBXFileReference; lastKnownFileType = sourcecode.swift; path = SmallWidgetView.swift; sourceTree = "<group>"; };
		65628CC12941D90B00228456 /* MediumWidgetView.swift */ = {isa = PBXFileReference; lastKnownFileType = sourcecode.swift; path = MediumWidgetView.swift; sourceTree = "<group>"; };
		65D8FEE7293DE668002DE36E /* WidgetExtensionDemo.app */ = {isa = PBXFileReference; explicitFileType = wrapper.application; includeInIndex = 0; path = WidgetExtensionDemo.app; sourceTree = BUILT_PRODUCTS_DIR; };
		65D8FEEA293DE668002DE36E /* AppDelegate.swift */ = {isa = PBXFileReference; lastKnownFileType = sourcecode.swift; path = AppDelegate.swift; sourceTree = "<group>"; };
		65D8FEEC293DE668002DE36E /* SceneDelegate.swift */ = {isa = PBXFileReference; lastKnownFileType = sourcecode.swift; path = SceneDelegate.swift; sourceTree = "<group>"; };
		65D8FEEE293DE668002DE36E /* ViewController.swift */ = {isa = PBXFileReference; lastKnownFileType = sourcecode.swift; path = ViewController.swift; sourceTree = "<group>"; };
		65D8FEF1293DE668002DE36E /* Base */ = {isa = PBXFileReference; lastKnownFileType = file.storyboard; name = Base; path = Base.lproj/Main.storyboard; sourceTree = "<group>"; };
		65D8FEF3293DE66A002DE36E /* Assets.xcassets */ = {isa = PBXFileReference; lastKnownFileType = folder.assetcatalog; path = Assets.xcassets; sourceTree = "<group>"; };
		65D8FEF6293DE66A002DE36E /* Base */ = {isa = PBXFileReference; lastKnownFileType = file.storyboard; name = Base; path = Base.lproj/LaunchScreen.storyboard; sourceTree = "<group>"; };
		65D8FEF8293DE66A002DE36E /* Info.plist */ = {isa = PBXFileReference; lastKnownFileType = text.plist.xml; path = Info.plist; sourceTree = "<group>"; };
		65D8FF02293DE693002DE36E /* LetvPosterExtension.appex */ = {isa = PBXFileReference; explicitFileType = "wrapper.app-extension"; includeInIndex = 0; path = LetvPosterExtension.appex; sourceTree = BUILT_PRODUCTS_DIR; };
		65D8FF04293DE693002DE36E /* WidgetKit.framework */ = {isa = PBXFileReference; lastKnownFileType = wrapper.framework; name = WidgetKit.framework; path = System/Library/Frameworks/WidgetKit.framework; sourceTree = SDKROOT; };
		65D8FF06293DE693002DE36E /* SwiftUI.framework */ = {isa = PBXFileReference; lastKnownFileType = wrapper.framework; name = SwiftUI.framework; path = System/Library/Frameworks/SwiftUI.framework; sourceTree = SDKROOT; };
		65D8FF09293DE693002DE36E /* LetvPosterBundle.swift */ = {isa = PBXFileReference; lastKnownFileType = sourcecode.swift; path = LetvPosterBundle.swift; sourceTree = "<group>"; };
		65D8FF0B293DE693002DE36E /* LetvPoster.swift */ = {isa = PBXFileReference; lastKnownFileType = sourcecode.swift; path = LetvPoster.swift; sourceTree = "<group>"; };
		65D8FF0D293DE695002DE36E /* Assets.xcassets */ = {isa = PBXFileReference; lastKnownFileType = folder.assetcatalog; path = Assets.xcassets; sourceTree = "<group>"; };
		65D8FF0F293DE695002DE36E /* Info.plist */ = {isa = PBXFileReference; lastKnownFileType = text.plist.xml; path = Info.plist; sourceTree = "<group>"; };
		65D8FF17293DF2DF002DE36E /* LetvPosterData.swift */ = {isa = PBXFileReference; lastKnownFileType = sourcecode.swift; path = LetvPosterData.swift; sourceTree = "<group>"; };
		65D8FF19293DF35B002DE36E /* PosterModel.swift */ = {isa = PBXFileReference; lastKnownFileType = sourcecode.swift; path = PosterModel.swift; sourceTree = "<group>"; };
/* End PBXFileReference section */

/* Begin PBXFrameworksBuildPhase section */
		65D8FEE4293DE668002DE36E /* Frameworks */ = {
			isa = PBXFrameworksBuildPhase;
			buildActionMask = 2147483647;
			files = (
			);
			runOnlyForDeploymentPostprocessing = 0;
		};
		65D8FEFF293DE693002DE36E /* Frameworks */ = {
			isa = PBXFrameworksBuildPhase;
			buildActionMask = 2147483647;
			files = (
				65D8FF07293DE693002DE36E /* SwiftUI.framework in Frameworks */,
				65D8FF05293DE693002DE36E /* WidgetKit.framework in Frameworks */,
			);
			runOnlyForDeploymentPostprocessing = 0;
		};
/* End PBXFrameworksBuildPhase section */

/* Begin PBXGroup section */
		65D8FEDE293DE668002DE36E = {
			isa = PBXGroup;
			children = (
				65D8FEE9293DE668002DE36E /* WidgetExtensionDemo */,
				65D8FF08293DE693002DE36E /* LetvPoster */,
				65D8FF03293DE693002DE36E /* Frameworks */,
				65D8FEE8293DE668002DE36E /* Products */,
			);
			sourceTree = "<group>";
		};
		65D8FEE8293DE668002DE36E /* Products */ = {
			isa = PBXGroup;
			children = (
				65D8FEE7293DE668002DE36E /* WidgetExtensionDemo.app */,
				65D8FF02293DE693002DE36E /* LetvPosterExtension.appex */,
			);
			name = Products;
			sourceTree = "<group>";
		};
		65D8FEE9293DE668002DE36E /* WidgetExtensionDemo */ = {
			isa = PBXGroup;
			children = (
				65D8FEEA293DE668002DE36E /* AppDelegate.swift */,
				65D8FEEC293DE668002DE36E /* SceneDelegate.swift */,
				65D8FEEE293DE668002DE36E /* ViewController.swift */,
				65D8FEF0293DE668002DE36E /* Main.storyboard */,
				65D8FEF3293DE66A002DE36E /* Assets.xcassets */,
				65D8FEF5293DE66A002DE36E /* LaunchScreen.storyboard */,
				65D8FEF8293DE66A002DE36E /* Info.plist */,
			);
			path = WidgetExtensionDemo;
			sourceTree = "<group>";
		};
		65D8FF03293DE693002DE36E /* Frameworks */ = {
			isa = PBXGroup;
			children = (
				65D8FF04293DE693002DE36E /* WidgetKit.framework */,
				65D8FF06293DE693002DE36E /* SwiftUI.framework */,
			);
			name = Frameworks;
			sourceTree = "<group>";
		};
		65D8FF08293DE693002DE36E /* LetvPoster */ = {
			isa = PBXGroup;
			children = (
				65D8FF09293DE693002DE36E /* LetvPosterBundle.swift */,
				65D8FF0B293DE693002DE36E /* LetvPoster.swift */,
				65D8FF17293DF2DF002DE36E /* LetvPosterData.swift */,
				65D8FF19293DF35B002DE36E /* PosterModel.swift */,
				650673F7294086510027676E /* SmallWidgetView.swift */,
				65628CC12941D90B00228456 /* MediumWidgetView.swift */,
				65D8FF0D293DE695002DE36E /* Assets.xcassets */,
				65D8FF0F293DE695002DE36E /* Info.plist */,
			);
			path = LetvPoster;
			sourceTree = "<group>";
		};
/* End PBXGroup section */

/* Begin PBXNativeTarget section */
		65D8FEE6293DE668002DE36E /* WidgetExtensionDemo */ = {
			isa = PBXNativeTarget;
			buildConfigurationList = 65D8FEFB293DE66A002DE36E /* Build configuration list for PBXNativeTarget "WidgetExtensionDemo" */;
			buildPhases = (
				65D8FEE3293DE668002DE36E /* Sources */,
				65D8FEE4293DE668002DE36E /* Frameworks */,
				65D8FEE5293DE668002DE36E /* Resources */,
				65D8FF16293DE695002DE36E /* Embed Foundation Extensions */,
			);
			buildRules = (
			);
			dependencies = (
				65D8FF11293DE695002DE36E /* PBXTargetDependency */,
			);
			name = WidgetExtensionDemo;
			productName = WidgetExtensionDemo;
			productReference = 65D8FEE7293DE668002DE36E /* WidgetExtensionDemo.app */;
			productType = "com.apple.product-type.application";
		};
		65D8FF01293DE693002DE36E /* LetvPosterExtension */ = {
			isa = PBXNativeTarget;
			buildConfigurationList = 65D8FF13293DE695002DE36E /* Build configuration list for PBXNativeTarget "LetvPosterExtension" */;
			buildPhases = (
				65D8FEFE293DE693002DE36E /* Sources */,
				65D8FEFF293DE693002DE36E /* Frameworks */,
				65D8FF00293DE693002DE36E /* Resources */,
			);
			buildRules = (
			);
			dependencies = (
			);
			name = LetvPosterExtension;
			productName = LetvPosterExtension;
			productReference = 65D8FF02293DE693002DE36E /* LetvPosterExtension.appex */;
			productType = "com.apple.product-type.app-extension";
		};
/* End PBXNativeTarget section */

/* Begin PBXProject section */
		65D8FEDF293DE668002DE36E /* Project object */ = {
			isa = PBXProject;
			attributes = {
				BuildIndependentTargetsInParallel = 1;
				LastSwiftUpdateCheck = 1410;
				LastUpgradeCheck = 1410;
				TargetAttributes = {
					65D8FEE6293DE668002DE36E = {
						CreatedOnToolsVersion = 14.1;
					};
					65D8FF01293DE693002DE36E = {
						CreatedOnToolsVersion = 14.1;
					};
				};
			};
			buildConfigurationList = 65D8FEE2293DE668002DE36E /* Build configuration list for PBXProject "WidgetExtensionDemo" */;
			compatibilityVersion = "Xcode 14.0";
			developmentRegion = en;
			hasScannedForEncodings = 0;
			knownRegions = (
				en,
				Base,
			);
			mainGroup = 65D8FEDE293DE668002DE36E;
			productRefGroup = 65D8FEE8293DE668002DE36E /* Products */;
			projectDirPath = "";
			projectRoot = "";
			targets = (
				65D8FEE6293DE668002DE36E /* WidgetExtensionDemo */,
				65D8FF01293DE693002DE36E /* LetvPosterExtension */,
			);
		};
/* End PBXProject section */

/* Begin PBXResourcesBuildPhase section */
		65D8FEE5293DE668002DE36E /* Resources */ = {
			isa = PBXResourcesBuildPhase;
			buildActionMask = 2147483647;
			files = (
				65D8FEF7293DE66A002DE36E /* LaunchScreen.storyboard in Resources */,
				65D8FEF4293DE66A002DE36E /* Assets.xcassets in Resources */,
				65D8FEF2293DE668002DE36E /* Main.storyboard in Resources */,
			);
			runOnlyForDeploymentPostprocessing = 0;
		};
		65D8FF00293DE693002DE36E /* Resources */ = {
			isa = PBXResourcesBuildPhase;
			buildActionMask = 2147483647;
			files = (
				65D8FF0E293DE695002DE36E /* Assets.xcassets in Resources */,
			);
			runOnlyForDeploymentPostprocessing = 0;
		};
/* End PBXResourcesBuildPhase section */

/* Begin PBXSourcesBuildPhase section */
		65D8FEE3293DE668002DE36E /* Sources */ = {
			isa = PBXSourcesBuildPhase;
			buildActionMask = 2147483647;
			files = (
				65D8FEEF293DE668002DE36E /* ViewController.swift in Sources */,
				65D8FEEB293DE668002DE36E /* AppDelegate.swift in Sources */,
				65D8FEED293DE668002DE36E /* SceneDelegate.swift in Sources */,
			);
			runOnlyForDeploymentPostprocessing = 0;
		};
		65D8FEFE293DE693002DE36E /* Sources */ = {
			isa = PBXSourcesBuildPhase;
			buildActionMask = 2147483647;
			files = (
				65D8FF0A293DE693002DE36E /* LetvPosterBundle.swift in Sources */,
				65D8FF1B293DF46C002DE36E /* LetvPosterData.swift in Sources */,
				65D8FF1C293DF46E002DE36E /* PosterModel.swift in Sources */,
				65628CC32941D96700228456 /* MediumWidgetView.swift in Sources */,
				650673F9294086F90027676E /* SmallWidgetView.swift in Sources */,
				65D8FF0C293DE693002DE36E /* LetvPoster.swift in Sources */,
			);
			runOnlyForDeploymentPostprocessing = 0;
		};
/* End PBXSourcesBuildPhase section */

/* Begin PBXTargetDependency section */
		65D8FF11293DE695002DE36E /* PBXTargetDependency */ = {
			isa = PBXTargetDependency;
			target = 65D8FF01293DE693002DE36E /* LetvPosterExtension */;
			targetProxy = 65D8FF10293DE695002DE36E /* PBXContainerItemProxy */;
		};
/* End PBXTargetDependency section */

/* Begin PBXVariantGroup section */
		65D8FEF0293DE668002DE36E /* Main.storyboard */ = {
			isa = PBXVariantGroup;
			children = (
				65D8FEF1293DE668002DE36E /* Base */,
			);
			name = Main.storyboard;
			sourceTree = "<group>";
		};
		65D8FEF5293DE66A002DE36E /* LaunchScreen.storyboard */ = {
			isa = PBXVariantGroup;
			children = (
				65D8FEF6293DE66A002DE36E /* Base */,
			);
			name = LaunchScreen.storyboard;
			sourceTree = "<group>";
		};
/* End PBXVariantGroup section */

/* Begin XCBuildConfiguration section */
		65D8FEF9293DE66A002DE36E /* Debug */ = {
			isa = XCBuildConfiguration;
			buildSettings = {
				ALWAYS_SEARCH_USER_PATHS = NO;
				CLANG_ANALYZER_NONNULL = YES;
				CLANG_ANALYZER_NUMBER_OBJECT_CONVERSION = YES_AGGRESSIVE;
				CLANG_CXX_LANGUAGE_STANDARD = "gnu++20";
				CLANG_ENABLE_MODULES = YES;
				CLANG_ENABLE_OBJC_ARC = YES;
				CLANG_ENABLE_OBJC_WEAK = YES;
				CLANG_WARN_BLOCK_CAPTURE_AUTORELEASING = YES;
				CLANG_WARN_BOOL_CONVERSION = YES;
				CLANG_WARN_COMMA = YES;
				CLANG_WARN_CONSTANT_CONVERSION = YES;
				CLANG_WARN_DEPRECATED_OBJC_IMPLEMENTATIONS = YES;
				CLANG_WARN_DIRECT_OBJC_ISA_USAGE = YES_ERROR;
				CLANG_WARN_DOCUMENTATION_COMMENTS = YES;
				CLANG_WARN_EMPTY_BODY = YES;
				CLANG_WARN_ENUM_CONVERSION = YES;
				CLANG_WARN_INFINITE_RECURSION = YES;
				CLANG_WARN_INT_CONVERSION = YES;
				CLANG_WARN_NON_LITERAL_NULL_CONVERSION = YES;
				CLANG_WARN_OBJC_IMPLICIT_RETAIN_SELF = YES;
				CLANG_WARN_OBJC_LITERAL_CONVERSION = YES;
				CLANG_WARN_OBJC_ROOT_CLASS = YES_ERROR;
				CLANG_WARN_QUOTED_INCLUDE_IN_FRAMEWORK_HEADER = YES;
				CLANG_WARN_RANGE_LOOP_ANALYSIS = YES;
				CLANG_WARN_STRICT_PROTOTYPES = YES;
				CLANG_WARN_SUSPICIOUS_MOVE = YES;
				CLANG_WARN_UNGUARDED_AVAILABILITY = YES_AGGRESSIVE;
				CLANG_WARN_UNREACHABLE_CODE = YES;
				CLANG_WARN__DUPLICATE_METHOD_MATCH = YES;
				COPY_PHASE_STRIP = NO;
				DEBUG_INFORMATION_FORMAT = dwarf;
				ENABLE_STRICT_OBJC_MSGSEND = YES;
				ENABLE_TESTABILITY = YES;
				GCC_C_LANGUAGE_STANDARD = gnu11;
				GCC_DYNAMIC_NO_PIC = NO;
				GCC_NO_COMMON_BLOCKS = YES;
				GCC_OPTIMIZATION_LEVEL = 0;
				GCC_PREPROCESSOR_DEFINITIONS = (
					"DEBUG=1",
					"$(inherited)",
				);
				GCC_WARN_64_TO_32_BIT_CONVERSION = YES;
				GCC_WARN_ABOUT_RETURN_TYPE = YES_ERROR;
				GCC_WARN_UNDECLARED_SELECTOR = YES;
				GCC_WARN_UNINITIALIZED_AUTOS = YES_AGGRESSIVE;
				GCC_WARN_UNUSED_FUNCTION = YES;
				GCC_WARN_UNUSED_VARIABLE = YES;
				IPHONEOS_DEPLOYMENT_TARGET = 16.1;
				MTL_ENABLE_DEBUG_INFO = INCLUDE_SOURCE;
				MTL_FAST_MATH = YES;
				ONLY_ACTIVE_ARCH = YES;
				SDKROOT = iphoneos;
				SWIFT_ACTIVE_COMPILATION_CONDITIONS = DEBUG;
				SWIFT_OPTIMIZATION_LEVEL = "-Onone";
			};
			name = Debug;
		};
		65D8FEFA293DE66A002DE36E /* Release */ = {
			isa = XCBuildConfiguration;
			buildSettings = {
				ALWAYS_SEARCH_USER_PATHS = NO;
				CLANG_ANALYZER_NONNULL = YES;
				CLANG_ANALYZER_NUMBER_OBJECT_CONVERSION = YES_AGGRESSIVE;
				CLANG_CXX_LANGUAGE_STANDARD = "gnu++20";
				CLANG_ENABLE_MODULES = YES;
				CLANG_ENABLE_OBJC_ARC = YES;
				CLANG_ENABLE_OBJC_WEAK = YES;
				CLANG_WARN_BLOCK_CAPTURE_AUTORELEASING = YES;
				CLANG_WARN_BOOL_CONVERSION = YES;
				CLANG_WARN_COMMA = YES;
				CLANG_WARN_CONSTANT_CONVERSION = YES;
				CLANG_WARN_DEPRECATED_OBJC_IMPLEMENTATIONS = YES;
				CLANG_WARN_DIRECT_OBJC_ISA_USAGE = YES_ERROR;
				CLANG_WARN_DOCUMENTATION_COMMENTS = YES;
				CLANG_WARN_EMPTY_BODY = YES;
				CLANG_WARN_ENUM_CONVERSION = YES;
				CLANG_WARN_INFINITE_RECURSION = YES;
				CLANG_WARN_INT_CONVERSION = YES;
				CLANG_WARN_NON_LITERAL_NULL_CONVERSION = YES;
				CLANG_WARN_OBJC_IMPLICIT_RETAIN_SELF = YES;
				CLANG_WARN_OBJC_LITERAL_CONVERSION = YES;
				CLANG_WARN_OBJC_ROOT_CLASS = YES_ERROR;
				CLANG_WARN_QUOTED_INCLUDE_IN_FRAMEWORK_HEADER = YES;
				CLANG_WARN_RANGE_LOOP_ANALYSIS = YES;
				CLANG_WARN_STRICT_PROTOTYPES = YES;
				CLANG_WARN_SUSPICIOUS_MOVE = YES;
				CLANG_WARN_UNGUARDED_AVAILABILITY = YES_AGGRESSIVE;
				CLANG_WARN_UNREACHABLE_CODE = YES;
				CLANG_WARN__DUPLICATE_METHOD_MATCH = YES;
				COPY_PHASE_STRIP = NO;
				DEBUG_INFORMATION_FORMAT = "dwarf-with-dsym";
				ENABLE_NS_ASSERTIONS = NO;
				ENABLE_STRICT_OBJC_MSGSEND = YES;
				GCC_C_LANGUAGE_STANDARD = gnu11;
				GCC_NO_COMMON_BLOCKS = YES;
				GCC_WARN_64_TO_32_BIT_CONVERSION = YES;
				GCC_WARN_ABOUT_RETURN_TYPE = YES_ERROR;
				GCC_WARN_UNDECLARED_SELECTOR = YES;
				GCC_WARN_UNINITIALIZED_AUTOS = YES_AGGRESSIVE;
				GCC_WARN_UNUSED_FUNCTION = YES;
				GCC_WARN_UNUSED_VARIABLE = YES;
				IPHONEOS_DEPLOYMENT_TARGET = 16.1;
				MTL_ENABLE_DEBUG_INFO = NO;
				MTL_FAST_MATH = YES;
				SDKROOT = iphoneos;
				SWIFT_COMPILATION_MODE = wholemodule;
				SWIFT_OPTIMIZATION_LEVEL = "-O";
				VALIDATE_PRODUCT = YES;
			};
			name = Release;
		};
		65D8FEFC293DE66A002DE36E /* Debug */ = {
			isa = XCBuildConfiguration;
			buildSettings = {
				ALWAYS_EMBED_SWIFT_STANDARD_LIBRARIES = YES;
				ASSETCATALOG_COMPILER_APPICON_NAME = AppIcon;
				ASSETCATALOG_COMPILER_GLOBAL_ACCENT_COLOR_NAME = AccentColor;
				CODE_SIGN_STYLE = Automatic;
				CURRENT_PROJECT_VERSION = 1;
				DEVELOPMENT_TEAM = NK22HY3LBA;
				GENERATE_INFOPLIST_FILE = YES;
				INFOPLIST_FILE = WidgetExtensionDemo/Info.plist;
				INFOPLIST_KEY_UIApplicationSupportsIndirectInputEvents = YES;
				INFOPLIST_KEY_UILaunchStoryboardName = LaunchScreen;
				INFOPLIST_KEY_UIMainStoryboardFile = Main;
				INFOPLIST_KEY_UISupportedInterfaceOrientations_iPad = "UIInterfaceOrientationPortrait UIInterfaceOrientationPortraitUpsideDown UIInterfaceOrientationLandscapeLeft UIInterfaceOrientationLandscapeRight";
				INFOPLIST_KEY_UISupportedInterfaceOrientations_iPhone = "UIInterfaceOrientationPortrait UIInterfaceOrientationLandscapeLeft UIInterfaceOrientationLandscapeRight";
				IPHONEOS_DEPLOYMENT_TARGET = 14.0;
				LD_RUNPATH_SEARCH_PATHS = (
					"$(inherited)",
					"@executable_path/Frameworks",
				);
				MARKETING_VERSION = 1.0;
				PRODUCT_BUNDLE_IDENTIFIER = com.company.WidgetExtensionDemo;
				PRODUCT_NAME = "$(TARGET_NAME)";
				SWIFT_EMIT_LOC_STRINGS = YES;
				SWIFT_VERSION = 5.0;
				TARGETED_DEVICE_FAMILY = "1,2";
			};
			name = Debug;
		};
		65D8FEFD293DE66A002DE36E /* Release */ = {
			isa = XCBuildConfiguration;
			buildSettings = {
				ALWAYS_EMBED_SWIFT_STANDARD_LIBRARIES = YES;
				ASSETCATALOG_COMPILER_APPICON_NAME = AppIcon;
				ASSETCATALOG_COMPILER_GLOBAL_ACCENT_COLOR_NAME = AccentColor;
				CODE_SIGN_STYLE = Automatic;
				CURRENT_PROJECT_VERSION = 1;
				DEVELOPMENT_TEAM = NK22HY3LBA;
				GENERATE_INFOPLIST_FILE = YES;
				INFOPLIST_FILE = WidgetExtensionDemo/Info.plist;
				INFOPLIST_KEY_UIApplicationSupportsIndirectInputEvents = YES;
				INFOPLIST_KEY_UILaunchStoryboardName = LaunchScreen;
				INFOPLIST_KEY_UIMainStoryboardFile = Main;
				INFOPLIST_KEY_UISupportedInterfaceOrientations_iPad = "UIInterfaceOrientationPortrait UIInterfaceOrientationPortraitUpsideDown UIInterfaceOrientationLandscapeLeft UIInterfaceOrientationLandscapeRight";
				INFOPLIST_KEY_UISupportedInterfaceOrientations_iPhone = "UIInterfaceOrientationPortrait UIInterfaceOrientationLandscapeLeft UIInterfaceOrientationLandscapeRight";
				IPHONEOS_DEPLOYMENT_TARGET = 14.0;
				LD_RUNPATH_SEARCH_PATHS = (
					"$(inherited)",
					"@executable_path/Frameworks",
				);
				MARKETING_VERSION = 1.0;
				PRODUCT_BUNDLE_IDENTIFIER = com.company.WidgetExtensionDemo;
				PRODUCT_NAME = "$(TARGET_NAME)";
				SWIFT_EMIT_LOC_STRINGS = YES;
				SWIFT_VERSION = 5.0;
				TARGETED_DEVICE_FAMILY = "1,2";
			};
			name = Release;
		};
		65D8FF14293DE695002DE36E /* Debug */ = {
			isa = XCBuildConfiguration;
			buildSettings = {
				ASSETCATALOG_COMPILER_GLOBAL_ACCENT_COLOR_NAME = AccentColor;
				ASSETCATALOG_COMPILER_WIDGET_BACKGROUND_COLOR_NAME = WidgetBackground;
				CODE_SIGN_STYLE = Automatic;
				CURRENT_PROJECT_VERSION = 1;
				DEVELOPMENT_TEAM = NK22HY3LBA;
				GENERATE_INFOPLIST_FILE = YES;
				INFOPLIST_FILE = LetvPoster/Info.plist;
				INFOPLIST_KEY_CFBundleDisplayName = LetvPoster;
				INFOPLIST_KEY_NSHumanReadableCopyright = "";
				IPHONEOS_DEPLOYMENT_TARGET = 14.0;
				LD_RUNPATH_SEARCH_PATHS = (
					"$(inherited)",
					"@executable_path/Frameworks",
					"@executable_path/../../Frameworks",
				);
				MARKETING_VERSION = 1.0;
				PRODUCT_BUNDLE_IDENTIFIER = com.company.WidgetExtensionDemo.LetvPoster;
				PRODUCT_NAME = "$(TARGET_NAME)";
				SKIP_INSTALL = YES;
				SWIFT_EMIT_LOC_STRINGS = YES;
				SWIFT_VERSION = 5.0;
				TARGETED_DEVICE_FAMILY = "1,2";
			};
			name = Debug;
		};
		65D8FF15293DE695002DE36E /* Release */ = {
			isa = XCBuildConfiguration;
			buildSettings = {
				ASSETCATALOG_COMPILER_GLOBAL_ACCENT_COLOR_NAME = AccentColor;
				ASSETCATALOG_COMPILER_WIDGET_BACKGROUND_COLOR_NAME = WidgetBackground;
				CODE_SIGN_STYLE = Automatic;
				CURRENT_PROJECT_VERSION = 1;
				DEVELOPMENT_TEAM = NK22HY3LBA;
				GENERATE_INFOPLIST_FILE = YES;
				INFOPLIST_FILE = LetvPoster/Info.plist;
				INFOPLIST_KEY_CFBundleDisplayName = LetvPoster;
				INFOPLIST_KEY_NSHumanReadableCopyright = "";
				IPHONEOS_DEPLOYMENT_TARGET = 14.0;
				LD_RUNPATH_SEARCH_PATHS = (
					"$(inherited)",
					"@executable_path/Frameworks",
					"@executable_path/../../Frameworks",
				);
				MARKETING_VERSION = 1.0;
				PRODUCT_BUNDLE_IDENTIFIER = com.company.WidgetExtensionDemo.LetvPoster;
				PRODUCT_NAME = "$(TARGET_NAME)";
				SKIP_INSTALL = YES;
				SWIFT_EMIT_LOC_STRINGS = YES;
				SWIFT_VERSION = 5.0;
				TARGETED_DEVICE_FAMILY = "1,2";
			};
			name = Release;
		};
/* End XCBuildConfiguration section */

/* Begin XCConfigurationList section */
		65D8FEE2293DE668002DE36E /* Build configuration list for PBXProject "WidgetExtensionDemo" */ = {
			isa = XCConfigurationList;
			buildConfigurations = (
				65D8FEF9293DE66A002DE36E /* Debug */,
				65D8FEFA293DE66A002DE36E /* Release */,
			);
			defaultConfigurationIsVisible = 0;
			defaultConfigurationName = Release;
		};
		65D8FEFB293DE66A002DE36E /* Build configuration list for PBXNativeTarget "WidgetExtensionDemo" */ = {
			isa = XCConfigurationList;
			buildConfigurations = (
				65D8FEFC293DE66A002DE36E /* Debug */,
				65D8FEFD293DE66A002DE36E /* Release */,
			);
			defaultConfigurationIsVisible = 0;
			defaultConfigurationName = Release;
		};
		65D8FF13293DE695002DE36E /* Build configuration list for PBXNativeTarget "LetvPosterExtension" */ = {
			isa = XCConfigurationList;
			buildConfigurations = (
				65D8FF14293DE695002DE36E /* Debug */,
				65D8FF15293DE695002DE36E /* Release */,
			);
			defaultConfigurationIsVisible = 0;
			defaultConfigurationName = Release;
		};
/* End XCConfigurationList section */
	};
	rootObject = 65D8FEDF293DE668002DE36E /* Project object */;
}
